
Microsoft Visual Studio Solution File, Format Version 12.00
# Visual Studio Version 17
VisualStudioVersion = 17.12.35527.113 d17.12
MinimumVisualStudioVersion = 10.0.40219.1
Project("{FAE04EC0-301F-11D3-BF4B-00C04F79EFBC}") = "AgendaApp.API", "AgendaApp.API\AgendaApp.API.csproj", "{8781A84E-594F-4A28-9495-B08234ABDFAC}"
EndProject
Project("{2150E333-8FDC-42A3-9474-1A3956D46DE8}") = "1 - PRESENTATION", "1 - PRESENTATION", "{FDEB895B-357B-4206-9461-8CFB6A677573}"
EndProject
Project("{2150E333-8FDC-42A3-9474-1A3956D46DE8}") = "2 - APPLICATION", "2 - APPLICATION", "{C8D5EC3F-0621-434F-B62F-CC5A58EA2EDD}"
EndProject
Project("{2150E333-8FDC-42A3-9474-1A3956D46DE8}") = "3 - DOMAIN", "3 - DOMAIN", "{EEDA03D1-6380-42CE-8E03-788BF0AE2B30}"
EndProject
Project("{2150E333-8FDC-42A3-9474-1A3956D46DE8}") = "4 - INFRASTRUCTURE", "4 - INFRASTRUCTURE", "{CE509CAF-C0CC-4D24-AF23-7055EFCB8ABB}"
EndProject
Project("{FAE04EC0-301F-11D3-BF4B-00C04F79EFBC}") = "AgendaAPP.UI", "AgendaAPP.UI\AgendaAPP.UI.csproj", "{B06DC731-1A33-4E39-BEA3-1D4CDBE621F6}"
EndProject
Project("{FAE04EC0-301F-11D3-BF4B-00C04F79EFBC}") = "AgendaApp.Domain", "AgendaApp.Domain\AgendaApp.Domain.csproj", "{B1D574B7-B00E-4240-8BAA-26B6556DC331}"
EndProject
Project("{FAE04EC0-301F-11D3-BF4B-00C04F79EFBC}") = "AgendaApp.Infra.Data", "AgendaApp.Infra.Data\AgendaApp.Infra.Data.csproj", "{152C1255-0D2E-4939-ABA5-F652345CDEB9}"
EndProject
Global
	GlobalSection(SolutionConfigurationPlatforms) = preSolution
		Debug|Any CPU = Debug|Any CPU
		Release|Any CPU = Release|Any CPU
	EndGlobalSection
	GlobalSection(ProjectConfigurationPlatforms) = postSolution
		{8781A84E-594F-4A28-9495-B08234ABDFAC}.Debug|Any CPU.ActiveCfg = Debug|Any CPU
		{8781A84E-594F-4A28-9495-B08234ABDFAC}.Debug|Any CPU.Build.0 = Debug|Any CPU
		{8781A84E-594F-4A28-9495-B08234ABDFAC}.Release|Any CPU.ActiveCfg = Release|Any CPU
		{8781A84E-594F-4A28-9495-B08234ABDFAC}.Release|Any CPU.Build.0 = Release|Any CPU
		{B06DC731-1A33-4E39-BEA3-1D4CDBE621F6}.Debug|Any CPU.ActiveCfg = Debug|Any CPU
		{B06DC731-1A33-4E39-BEA3-1D4CDBE621F6}.Debug|Any CPU.Build.0 = Debug|Any CPU
		{B06DC731-1A33-4E39-BEA3-1D4CDBE621F6}.Release|Any CPU.ActiveCfg = Release|Any CPU
		{B06DC731-1A33-4E39-BEA3-1D4CDBE621F6}.Release|Any CPU.Build.0 = Release|Any CPU
		{B1D574B7-B00E-4240-8BAA-26B6556DC331}.Debug|Any CPU.ActiveCfg = Debug|Any CPU
		{B1D574B7-B00E-4240-8BAA-26B6556DC331}.Debug|Any CPU.Build.0 = Debug|Any CPU
		{B1D574B7-B00E-4240-8BAA-26B6556DC331}.Release|Any CPU.ActiveCfg = Release|Any CPU
		{B1D574B7-B00E-4240-8BAA-26B6556DC331}.Release|Any CPU.Build.0 = Release|Any CPU
		{152C1255-0D2E-4939-ABA5-F652345CDEB9}.Debug|Any CPU.ActiveCfg = Debug|Any CPU
		{152C1255-0D2E-4939-ABA5-F652345CDEB9}.Debug|Any CPU.Build.0 = Debug|Any CPU
		{152C1255-0D2E-4939-ABA5-F652345CDEB9}.Release|Any CPU.ActiveCfg = Release|Any CPU
		{152C1255-0D2E-4939-ABA5-F652345CDEB9}.Release|Any CPU.Build.0 = Release|Any CPU
	EndGlobalSection
	GlobalSection(SolutionProperties) = preSolution
		HideSolutionNode = FALSE
	EndGlobalSection
	GlobalSection(NestedProjects) = preSolution
		{8781A84E-594F-4A28-9495-B08234ABDFAC} = {C8D5EC3F-0621-434F-B62F-CC5A58EA2EDD}
		{B06DC731-1A33-4E39-BEA3-1D4CDBE621F6} = {FDEB895B-357B-4206-9461-8CFB6A677573}
		{B1D574B7-B00E-4240-8BAA-26B6556DC331} = {EEDA03D1-6380-42CE-8E03-788BF0AE2B30}
		{152C1255-0D2E-4939-ABA5-F652345CDEB9} = {CE509CAF-C0CC-4D24-AF23-7055EFCB8ABB}
	EndGlobalSection
EndGlobal
